
Microsoft Visual Studio Solution File, Format Version 12.00
# Visual Studio 15
VisualStudioVersion = 15.0.27130.2026
MinimumVisualStudioVersion = 10.0.40219.1
Project("{FAE04EC0-301F-11D3-BF4B-00C04F79EFBC}") = "Icebear", "Icebear\Icebear.csproj", "{10133260-A9AE-488F-BDF7-7D307414CBFB}"
EndProject
Project("{FAE04EC0-301F-11D3-BF4B-00C04F79EFBC}") = "IcebearDemo", "IcebearDemo\IcebearDemo.csproj", "{83A69160-A7DB-4B97-B884-68848B1CFE72}"
EndProject
Project("{FAE04EC0-301F-11D3-BF4B-00C04F79EFBC}") = "Icebear website", "Icebear website\Icebear website.csproj", "{678D23DB-DDBF-41D7-ADDF-02142F0A469D}"
EndProject
Global
	GlobalSection(SolutionConfigurationPlatforms) = preSolution
		Debug|Any CPU = Debug|Any CPU
		Release|Any CPU = Release|Any CPU
	EndGlobalSection
	GlobalSection(ProjectConfigurationPlatforms) = postSolution
		{10133260-A9AE-488F-BDF7-7D307414CBFB}.Debug|Any CPU.ActiveCfg = Debug|Any CPU
		{10133260-A9AE-488F-BDF7-7D307414CBFB}.Debug|Any CPU.Build.0 = Debug|Any CPU
		{10133260-A9AE-488F-BDF7-7D307414CBFB}.Release|Any CPU.ActiveCfg = Release|Any CPU
		{10133260-A9AE-488F-BDF7-7D307414CBFB}.Release|Any CPU.Build.0 = Release|Any CPU
		{83A69160-A7DB-4B97-B884-68848B1CFE72}.Debug|Any CPU.ActiveCfg = Debug|Any CPU
		{83A69160-A7DB-4B97-B884-68848B1CFE72}.Debug|Any CPU.Build.0 = Debug|Any CPU
		{83A69160-A7DB-4B97-B884-68848B1CFE72}.Release|Any CPU.ActiveCfg = Release|Any CPU
		{83A69160-A7DB-4B97-B884-68848B1CFE72}.Release|Any CPU.Build.0 = Release|Any CPU
		{678D23DB-DDBF-41D7-ADDF-02142F0A469D}.Debug|Any CPU.ActiveCfg = Debug|Any CPU
		{678D23DB-DDBF-41D7-ADDF-02142F0A469D}.Debug|Any CPU.Build.0 = Debug|Any CPU
		{678D23DB-DDBF-41D7-ADDF-02142F0A469D}.Release|Any CPU.ActiveCfg = Release|Any CPU
		{678D23DB-DDBF-41D7-ADDF-02142F0A469D}.Release|Any CPU.Build.0 = Release|Any CPU
	EndGlobalSection
	GlobalSection(SolutionProperties) = preSolution
		HideSolutionNode = FALSE
	EndGlobalSection
	GlobalSection(ExtensibilityGlobals) = postSolution
		SolutionGuid = {0F570C70-A61F-4FEA-BAFF-B8F87E046D0D}
	EndGlobalSection
EndGlobal
